
Microsoft Visual Studio Solution File, Format Version 12.00
# Visual Studio Version 16
VisualStudioVersion = 16.0.31702.278
MinimumVisualStudioVersion = 10.0.40219.1
Project("{9A19103F-16F7-4668-BE54-9A1E7A4F7556}") = "SynopticProject_Project_E", "SynopticProject_Project_E\SynopticProject_Project_E.csproj", "{056E7B74-2CDE-4F40-9E47-906759D46A8F}"
EndProject
Project("{FAE04EC0-301F-11D3-BF4B-00C04F79EFBC}") = "SynopticProject_Project_E.Tests", "SynopticProject_Project_E.Tests\SynopticProject_Project_E.Tests.csproj", "{1CF2ADAB-F6BF-414F-A1F5-9760A87A2AB7}"
EndProject
Global
	GlobalSection(SolutionConfigurationPlatforms) = preSolution
		Debug|Any CPU = Debug|Any CPU
		Release|Any CPU = Release|Any CPU
	EndGlobalSection
	GlobalSection(ProjectConfigurationPlatforms) = postSolution
		{056E7B74-2CDE-4F40-9E47-906759D46A8F}.Debug|Any CPU.ActiveCfg = Debug|Any CPU
		{056E7B74-2CDE-4F40-9E47-906759D46A8F}.Debug|Any CPU.Build.0 = Debug|Any CPU
		{056E7B74-2CDE-4F40-9E47-906759D46A8F}.Release|Any CPU.ActiveCfg = Release|Any CPU
		{056E7B74-2CDE-4F40-9E47-906759D46A8F}.Release|Any CPU.Build.0 = Release|Any CPU
		{1CF2ADAB-F6BF-414F-A1F5-9760A87A2AB7}.Debug|Any CPU.ActiveCfg = Debug|Any CPU
		{1CF2ADAB-F6BF-414F-A1F5-9760A87A2AB7}.Debug|Any CPU.Build.0 = Debug|Any CPU
		{1CF2ADAB-F6BF-414F-A1F5-9760A87A2AB7}.Release|Any CPU.ActiveCfg = Release|Any CPU
		{1CF2ADAB-F6BF-414F-A1F5-9760A87A2AB7}.Release|Any CPU.Build.0 = Release|Any CPU
	EndGlobalSection
	GlobalSection(SolutionProperties) = preSolution
		HideSolutionNode = FALSE
	EndGlobalSection
	GlobalSection(ExtensibilityGlobals) = postSolution
		SolutionGuid = {C7079B20-7445-4AF8-B9DA-09BFC2E5CD1A}
	EndGlobalSection
EndGlobal
